
Microsoft Visual Studio Solution File, Format Version 12.00
# Visual Studio Version 18
VisualStudioVersion = 18.0.11018.127 d18.0
MinimumVisualStudioVersion = 10.0.40219.1
Project("{FAE04EC0-301F-11D3-BF4B-00C04F79EFBC}") = "IdleRpg", "IdleRpg\IdleRpg.csproj", "{111F3F9E-559D-4571-A8E3-C3624CC4B153}"
EndProject
Project("{2150E333-8FDC-42A3-9474-1A3956D46DE8}") = "Doc", "Doc", "{02EA681E-C7D8-13C7-8484-4AC65E1B71E8}"
	ProjectSection(SolutionItems) = preProject
		Doc\Design.md = Doc\Design.md
	EndProjectSection
EndProject
Project("{2150E333-8FDC-42A3-9474-1A3956D46DE8}") = "Solution Items", "Solution Items", "{8EC462FD-D22E-90A8-E5CE-7E832BA40C5D}"
	ProjectSection(SolutionItems) = preProject
		Readme.md = Readme.md
	EndProjectSection
EndProject
Project("{FAE04EC0-301F-11D3-BF4B-00C04F79EFBC}") = "Rom", "IdleRpg\Resources\Games\Rom\Rom.csproj", "{435E65D9-F905-786C-BEAA-4C097ABB6457}"
EndProject
Project("{FAE04EC0-301F-11D3-BF4B-00C04F79EFBC}") = "TinyRpg", "IdleRpg\Resources\Games\TinyRpg\TinyRpg.csproj", "{93604969-07ED-088A-778C-D90677961DB8}"
EndProject
Project("{2150E333-8FDC-42A3-9474-1A3956D46DE8}") = "scripts", "scripts", "{929CEEA3-9E37-4751-8073-A34FB3C64538}"
	ProjectSection(SolutionItems) = preProject
		Scripts\MapGen.cs = Scripts\MapGen.cs
		Scripts\TiledConvert.cs = Scripts\TiledConvert.cs
	EndProjectSection
EndProject
Global
	GlobalSection(SolutionConfigurationPlatforms) = preSolution
		Debug|Any CPU = Debug|Any CPU
		Release|Any CPU = Release|Any CPU
	EndGlobalSection
	GlobalSection(ProjectConfigurationPlatforms) = postSolution
		{111F3F9E-559D-4571-A8E3-C3624CC4B153}.Debug|Any CPU.ActiveCfg = Debug|Any CPU
		{111F3F9E-559D-4571-A8E3-C3624CC4B153}.Debug|Any CPU.Build.0 = Debug|Any CPU
		{111F3F9E-559D-4571-A8E3-C3624CC4B153}.Release|Any CPU.ActiveCfg = Release|Any CPU
		{111F3F9E-559D-4571-A8E3-C3624CC4B153}.Release|Any CPU.Build.0 = Release|Any CPU
		{435E65D9-F905-786C-BEAA-4C097ABB6457}.Debug|Any CPU.ActiveCfg = Debug|Any CPU
		{435E65D9-F905-786C-BEAA-4C097ABB6457}.Debug|Any CPU.Build.0 = Debug|Any CPU
		{435E65D9-F905-786C-BEAA-4C097ABB6457}.Release|Any CPU.ActiveCfg = Release|Any CPU
		{435E65D9-F905-786C-BEAA-4C097ABB6457}.Release|Any CPU.Build.0 = Release|Any CPU
		{93604969-07ED-088A-778C-D90677961DB8}.Debug|Any CPU.ActiveCfg = Debug|Any CPU
		{93604969-07ED-088A-778C-D90677961DB8}.Debug|Any CPU.Build.0 = Debug|Any CPU
		{93604969-07ED-088A-778C-D90677961DB8}.Release|Any CPU.ActiveCfg = Release|Any CPU
		{93604969-07ED-088A-778C-D90677961DB8}.Release|Any CPU.Build.0 = Release|Any CPU
	EndGlobalSection
	GlobalSection(SolutionProperties) = preSolution
		HideSolutionNode = FALSE
	EndGlobalSection
	GlobalSection(NestedProjects) = preSolution
		{02EA681E-C7D8-13C7-8484-4AC65E1B71E8} = {8EC462FD-D22E-90A8-E5CE-7E832BA40C5D}
		{929CEEA3-9E37-4751-8073-A34FB3C64538} = {8EC462FD-D22E-90A8-E5CE-7E832BA40C5D}
	EndGlobalSection
	GlobalSection(ExtensibilityGlobals) = postSolution
		SolutionGuid = {1560ED54-E593-495C-8662-5F98C38B9C06}
	EndGlobalSection
EndGlobal
